
Microsoft Visual Studio Solution File, Format Version 12.00
# Visual Studio 15
VisualStudioVersion = 15.0.28307.1022
MinimumVisualStudioVersion = 10.0.40219.1
Project("{8BC9CEB8-8B4A-11D0-8D11-00A0C91BC942}") = "W3.3", "W3.3\W3.3.vcxproj", "{E45EA3B5-E47C-44E0-A238-C47C13F71B39}"
EndProject
Global
	GlobalSection(SolutionConfigurationPlatforms) = preSolution
		Debug|x64 = Debug|x64
		Debug|x86 = Debug|x86
		Release|x64 = Release|x64
		Release|x86 = Release|x86
	EndGlobalSection
	GlobalSection(ProjectConfigurationPlatforms) = postSolution
		{E45EA3B5-E47C-44E0-A238-C47C13F71B39}.Debug|x64.ActiveCfg = Debug|x64
		{E45EA3B5-E47C-44E0-A238-C47C13F71B39}.Debug|x64.Build.0 = Debug|x64
		{E45EA3B5-E47C-44E0-A238-C47C13F71B39}.Debug|x86.ActiveCfg = Debug|Win32
		{E45EA3B5-E47C-44E0-A238-C47C13F71B39}.Debug|x86.Build.0 = Debug|Win32
		{E45EA3B5-E47C-44E0-A238-C47C13F71B39}.Release|x64.ActiveCfg = Release|x64
		{E45EA3B5-E47C-44E0-A238-C47C13F71B39}.Release|x64.Build.0 = Release|x64
		{E45EA3B5-E47C-44E0-A238-C47C13F71B39}.Release|x86.ActiveCfg = Release|Win32
		{E45EA3B5-E47C-44E0-A238-C47C13F71B39}.Release|x86.Build.0 = Release|Win32
	EndGlobalSection
	GlobalSection(SolutionProperties) = preSolution
		HideSolutionNode = FALSE
	EndGlobalSection
	GlobalSection(ExtensibilityGlobals) = postSolution
		SolutionGuid = {5C424814-1BCF-4648-A7F3-188C2302C9CD}
	EndGlobalSection
EndGlobal
